
Microsoft Visual Studio Solution File, Format Version 12.00
# Visual Studio Version 17
VisualStudioVersion = 17.0.31912.275
MinimumVisualStudioVersion = 10.0.40219.1
Project("{FAE04EC0-301F-11D3-BF4B-00C04F79EFBC}") = "ExAPI", "ExAPI\ExAPI.csproj", "{49F55EAA-E440-4144-8D04-169DCDBE9789}"
EndProject
Global
	GlobalSection(SolutionConfigurationPlatforms) = preSolution
		Debug|Any CPU = Debug|Any CPU
		Release|Any CPU = Release|Any CPU
	EndGlobalSection
	GlobalSection(ProjectConfigurationPlatforms) = postSolution
		{49F55EAA-E440-4144-8D04-169DCDBE9789}.Debug|Any CPU.ActiveCfg = Debug|Any CPU
		{49F55EAA-E440-4144-8D04-169DCDBE9789}.Debug|Any CPU.Build.0 = Debug|Any CPU
		{49F55EAA-E440-4144-8D04-169DCDBE9789}.Release|Any CPU.ActiveCfg = Release|Any CPU
		{49F55EAA-E440-4144-8D04-169DCDBE9789}.Release|Any CPU.Build.0 = Release|Any CPU
	EndGlobalSection
	GlobalSection(SolutionProperties) = preSolution
		HideSolutionNode = FALSE
	EndGlobalSection
	GlobalSection(ExtensibilityGlobals) = postSolution
		SolutionGuid = {6EB48E51-4CB1-4144-A393-71961F261160}
	EndGlobalSection
EndGlobal
